
Microsoft Visual Studio Solution File, Format Version 12.00
# Visual Studio Version 16
VisualStudioVersion = 16.0.32802.440
MinimumVisualStudioVersion = 10.0.40219.1
Project("{FAE04EC0-301F-11D3-BF4B-00C04F79EFBC}") = "MySeleniumProject", "MySeleniumProject\MySeleniumProject.csproj", "{8A7332DB-6C1C-4C4F-AE9D-7A0C52C13627}"
EndProject
Global
	GlobalSection(SolutionConfigurationPlatforms) = preSolution
		Debug|Any CPU = Debug|Any CPU
		Release|Any CPU = Release|Any CPU
	EndGlobalSection
	GlobalSection(ProjectConfigurationPlatforms) = postSolution
		{8A7332DB-6C1C-4C4F-AE9D-7A0C52C13627}.Debug|Any CPU.ActiveCfg = Debug|Any CPU
		{8A7332DB-6C1C-4C4F-AE9D-7A0C52C13627}.Debug|Any CPU.Build.0 = Debug|Any CPU
		{8A7332DB-6C1C-4C4F-AE9D-7A0C52C13627}.Release|Any CPU.ActiveCfg = Release|Any CPU
		{8A7332DB-6C1C-4C4F-AE9D-7A0C52C13627}.Release|Any CPU.Build.0 = Release|Any CPU
	EndGlobalSection
	GlobalSection(SolutionProperties) = preSolution
		HideSolutionNode = FALSE
	EndGlobalSection
	GlobalSection(ExtensibilityGlobals) = postSolution
		SolutionGuid = {27F1E875-C739-426C-86D2-6031DB2C63F8}
	EndGlobalSection
EndGlobal
